{
    "requires": true,
    "lockfileVersion": 1,
    "dependencies": {
        "form-serializer": {
            "version": "2.5.0",
            "resolved": "https://registry.npmjs.org/form-serializer/-/form-serializer-2.5.0.tgz",
            "integrity": "sha1-yuovrLwbzuf2VdkTZwcTPz+staM="
        }
    }
}
